
Microsoft Visual Studio Solution File, Format Version 11.00
# Visual Studio 2010
Project("{FAE04EC0-301F-11D3-BF4B-00C04F79EFBC}") = "DUAL", "Assembly-CSharp.csproj", "{059BF9E6-FB23-2895-00CE-A08A00BA2DE6}"
EndProject
Global
	GlobalSection(SolutionConfigurationPlatforms) = preSolution
		Debug|Any CPU = Debug|Any CPU
		Release|Any CPU = Release|Any CPU
	EndGlobalSection
	GlobalSection(ProjectConfigurationPlatforms) = postSolution
		{059BF9E6-FB23-2895-00CE-A08A00BA2DE6}.Debug|Any CPU.ActiveCfg = Debug|Any CPU
		{059BF9E6-FB23-2895-00CE-A08A00BA2DE6}.Debug|Any CPU.Build.0 = Debug|Any CPU
		{059BF9E6-FB23-2895-00CE-A08A00BA2DE6}.Release|Any CPU.ActiveCfg = Release|Any CPU
		{059BF9E6-FB23-2895-00CE-A08A00BA2DE6}.Release|Any CPU.Build.0 = Release|Any CPU
	EndGlobalSection
	GlobalSection(SolutionProperties) = preSolution
		HideSolutionNode = FALSE
	EndGlobalSection
	GlobalSection(MonoDevelopProperties) = preSolution
		StartupItem = Assembly-CSharp.csproj
	EndGlobalSection
EndGlobal
